
Microsoft Visual Studio Solution File, Format Version 12.00
# Visual Studio Version 17
VisualStudioVersion = 17.2.32616.157
MinimumVisualStudioVersion = 10.0.40219.1
Project("{9A19103F-16F7-4668-BE54-9A1E7A4F7556}") = "FIFA2022", "FIFA2022\FIFA2022.csproj", "{326A3E51-AF73-44E4-96CC-8AED0D5E0743}"
EndProject
Project("{9A19103F-16F7-4668-BE54-9A1E7A4F7556}") = "Domain", "Domain\Domain.csproj", "{9E8A80B5-F18A-4D90-BC41-67EBC924AFA1}"
EndProject
Project("{9A19103F-16F7-4668-BE54-9A1E7A4F7556}") = "DataAccessLayer", "DataAccessLayer\DataAccessLayer.csproj", "{AB3C99CD-988D-4C82-A8ED-D8B0EB6C8A62}"
EndProject
Project("{9A19103F-16F7-4668-BE54-9A1E7A4F7556}") = "BussinesLogicLayer", "BussinesLogicLayer\BussinesLogicLayer.csproj", "{8AA533DB-B9B9-450D-9228-9A3AEAE1021F}"
EndProject
Project("{9A19103F-16F7-4668-BE54-9A1E7A4F7556}") = "DTO", "DTO\DTO.csproj", "{F9F65973-C951-4B76-8207-F0E4ABB4E9C8}"
EndProject
Project("{FAE04EC0-301F-11D3-BF4B-00C04F79EFBC}") = "Mappers", "Mappers\Mappers.csproj", "{B11DCAF1-33EB-40AF-90B1-3BAB3A365ED7}"
EndProject
Global
	GlobalSection(SolutionConfigurationPlatforms) = preSolution
		Debug|Any CPU = Debug|Any CPU
		Release|Any CPU = Release|Any CPU
	EndGlobalSection
	GlobalSection(ProjectConfigurationPlatforms) = postSolution
		{326A3E51-AF73-44E4-96CC-8AED0D5E0743}.Debug|Any CPU.ActiveCfg = Debug|Any CPU
		{326A3E51-AF73-44E4-96CC-8AED0D5E0743}.Debug|Any CPU.Build.0 = Debug|Any CPU
		{326A3E51-AF73-44E4-96CC-8AED0D5E0743}.Release|Any CPU.ActiveCfg = Release|Any CPU
		{326A3E51-AF73-44E4-96CC-8AED0D5E0743}.Release|Any CPU.Build.0 = Release|Any CPU
		{9E8A80B5-F18A-4D90-BC41-67EBC924AFA1}.Debug|Any CPU.ActiveCfg = Debug|Any CPU
		{9E8A80B5-F18A-4D90-BC41-67EBC924AFA1}.Debug|Any CPU.Build.0 = Debug|Any CPU
		{9E8A80B5-F18A-4D90-BC41-67EBC924AFA1}.Release|Any CPU.ActiveCfg = Release|Any CPU
		{9E8A80B5-F18A-4D90-BC41-67EBC924AFA1}.Release|Any CPU.Build.0 = Release|Any CPU
		{AB3C99CD-988D-4C82-A8ED-D8B0EB6C8A62}.Debug|Any CPU.ActiveCfg = Debug|Any CPU
		{AB3C99CD-988D-4C82-A8ED-D8B0EB6C8A62}.Debug|Any CPU.Build.0 = Debug|Any CPU
		{AB3C99CD-988D-4C82-A8ED-D8B0EB6C8A62}.Release|Any CPU.ActiveCfg = Release|Any CPU
		{AB3C99CD-988D-4C82-A8ED-D8B0EB6C8A62}.Release|Any CPU.Build.0 = Release|Any CPU
		{8AA533DB-B9B9-450D-9228-9A3AEAE1021F}.Debug|Any CPU.ActiveCfg = Debug|Any CPU
		{8AA533DB-B9B9-450D-9228-9A3AEAE1021F}.Debug|Any CPU.Build.0 = Debug|Any CPU
		{8AA533DB-B9B9-450D-9228-9A3AEAE1021F}.Release|Any CPU.ActiveCfg = Release|Any CPU
		{8AA533DB-B9B9-450D-9228-9A3AEAE1021F}.Release|Any CPU.Build.0 = Release|Any CPU
		{F9F65973-C951-4B76-8207-F0E4ABB4E9C8}.Debug|Any CPU.ActiveCfg = Debug|Any CPU
		{F9F65973-C951-4B76-8207-F0E4ABB4E9C8}.Debug|Any CPU.Build.0 = Debug|Any CPU
		{F9F65973-C951-4B76-8207-F0E4ABB4E9C8}.Release|Any CPU.ActiveCfg = Release|Any CPU
		{F9F65973-C951-4B76-8207-F0E4ABB4E9C8}.Release|Any CPU.Build.0 = Release|Any CPU
		{B11DCAF1-33EB-40AF-90B1-3BAB3A365ED7}.Debug|Any CPU.ActiveCfg = Debug|Any CPU
		{B11DCAF1-33EB-40AF-90B1-3BAB3A365ED7}.Debug|Any CPU.Build.0 = Debug|Any CPU
		{B11DCAF1-33EB-40AF-90B1-3BAB3A365ED7}.Release|Any CPU.ActiveCfg = Release|Any CPU
		{B11DCAF1-33EB-40AF-90B1-3BAB3A365ED7}.Release|Any CPU.Build.0 = Release|Any CPU
	EndGlobalSection
	GlobalSection(SolutionProperties) = preSolution
		HideSolutionNode = FALSE
	EndGlobalSection
	GlobalSection(ExtensibilityGlobals) = postSolution
		SolutionGuid = {8C09BB3F-6F96-4269-9351-3A1E6C4235E5}
	EndGlobalSection
EndGlobal
